
Microsoft Visual Studio Solution File, Format Version 12.00
# Visual Studio Version 16
VisualStudioVersion = 16.0.29326.143
MinimumVisualStudioVersion = 10.0.40219.1
Project("{FAE04EC0-301F-11D3-BF4B-00C04F79EFBC}") = "TeslaCamViewer", "TeslaCamViewer\TeslaCamViewer.csproj", "{BC3234EE-C967-4549-8A75-21AE77EB11B9}"
EndProject
Global
	GlobalSection(SolutionConfigurationPlatforms) = preSolution
		Debug|Any CPU = Debug|Any CPU
		Release|Any CPU = Release|Any CPU
	EndGlobalSection
	GlobalSection(ProjectConfigurationPlatforms) = postSolution
		{BC3234EE-C967-4549-8A75-21AE77EB11B9}.Debug|Any CPU.ActiveCfg = Debug|Any CPU
		{BC3234EE-C967-4549-8A75-21AE77EB11B9}.Debug|Any CPU.Build.0 = Debug|Any CPU
		{BC3234EE-C967-4549-8A75-21AE77EB11B9}.Release|Any CPU.ActiveCfg = Release|Any CPU
		{BC3234EE-C967-4549-8A75-21AE77EB11B9}.Release|Any CPU.Build.0 = Release|Any CPU
	EndGlobalSection
	GlobalSection(SolutionProperties) = preSolution
		HideSolutionNode = FALSE
	EndGlobalSection
	GlobalSection(ExtensibilityGlobals) = postSolution
		SolutionGuid = {FF92CEB2-63D6-43EE-9AE3-54A8584C99AC}
	EndGlobalSection
EndGlobal
